
Microsoft Visual Studio Solution File, Format Version 12.00
# Visual Studio 15
VisualStudioVersion = 15.0.27703.2000
MinimumVisualStudioVersion = 10.0.40219.1
Project("{9A19103F-16F7-4668-BE54-9A1E7A4F7556}") = "Apollo.Common", "src\Core\Apollo.Common\Apollo.Common.csproj", "{C1C3177A-A34C-44FB-A6DF-AA520D9EE69B}"
EndProject
Project("{2150E333-8FDC-42A3-9474-1A3956D46DE8}") = "Core", "Core", "{F442C8DB-0907-4570-8F14-19CA04CE84E2}"
EndProject
Project("{9A19103F-16F7-4668-BE54-9A1E7A4F7556}") = "Apollo.ServiceBus", "src\Core\Apollo.ServiceBus\Apollo.ServiceBus.csproj", "{661D7918-ECF8-4DC5-B0D8-BBEBE7D18168}"
EndProject
Project("{2150E333-8FDC-42A3-9474-1A3956D46DE8}") = "Console", "Console", "{5999555C-001C-40DC-A2DE-3E6D522DEEC0}"
EndProject
Project("{9A19103F-16F7-4668-BE54-9A1E7A4F7556}") = "Apollo.ConsoleClient", "src\Console\Apollo.ConsoleClient\Apollo.ConsoleClient.csproj", "{2FF9BBC6-6A25-4277-8E8A-FF00A7B37C81}"
EndProject
Project("{9A19103F-16F7-4668-BE54-9A1E7A4F7556}") = "Apollo.ConsoleServer", "src\Console\Apollo.ConsoleServer\Apollo.ConsoleServer.csproj", "{33E5431A-D5EF-414C-B467-87BA824F0987}"
EndProject
Project("{9A19103F-16F7-4668-BE54-9A1E7A4F7556}") = "Apollo.ServiceBus.Ninject", "src\Ioc\Apollo.ServiceBus.Ninject\Apollo.ServiceBus.Ninject.csproj", "{B8BB79E4-8C2C-4197-AF97-1C1FB6C99006}"
EndProject
Project("{2150E333-8FDC-42A3-9474-1A3956D46DE8}") = "Ioc", "Ioc", "{5F544680-F1C6-4DFE-9E8D-709347261461}"
EndProject
Project("{2150E333-8FDC-42A3-9474-1A3956D46DE8}") = "ServerCluster", "ServerCluster", "{78E97214-4E1A-4086-9585-5B2C57FE8B2B}"
EndProject
Project("{9A19103F-16F7-4668-BE54-9A1E7A4F7556}") = "Apollo.Diagnostics", "src\Core\Apollo.Diagnostics\Apollo.Diagnostics.csproj", "{BA847D8C-C66D-4293-8E93-96974EB2DB6D}"
EndProject
Project("{9A19103F-16F7-4668-BE54-9A1E7A4F7556}") = "Apollo.Server.Kubernetes", "src\ServerCluster\Apollo.Server.Kubernetes\Apollo.Server.Kubernetes.csproj", "{940C9223-967F-4A8A-B7AD-BDCD9C8C4D40}"
EndProject
Project("{2150E333-8FDC-42A3-9474-1A3956D46DE8}") = "Tests", "Tests", "{E9CE4309-4F98-4E19-B537-9A2AFEAD0A4A}"
EndProject
Project("{FAE04EC0-301F-11D3-BF4B-00C04F79EFBC}") = "Apollo.ServiceBus.Mocks", "src\Tests\Mocks\Apollo.ServiceBus.Mocks\Apollo.ServiceBus.Mocks.csproj", "{D9F78451-4D83-4493-8FA3-300A4A4D082D}"
EndProject
Global
	GlobalSection(SolutionConfigurationPlatforms) = preSolution
		Debug|Any CPU = Debug|Any CPU
		Release|Any CPU = Release|Any CPU
	EndGlobalSection
	GlobalSection(ProjectConfigurationPlatforms) = postSolution
		{C1C3177A-A34C-44FB-A6DF-AA520D9EE69B}.Debug|Any CPU.ActiveCfg = Debug|Any CPU
		{C1C3177A-A34C-44FB-A6DF-AA520D9EE69B}.Debug|Any CPU.Build.0 = Debug|Any CPU
		{C1C3177A-A34C-44FB-A6DF-AA520D9EE69B}.Release|Any CPU.ActiveCfg = Release|Any CPU
		{C1C3177A-A34C-44FB-A6DF-AA520D9EE69B}.Release|Any CPU.Build.0 = Release|Any CPU
		{661D7918-ECF8-4DC5-B0D8-BBEBE7D18168}.Debug|Any CPU.ActiveCfg = Debug|Any CPU
		{661D7918-ECF8-4DC5-B0D8-BBEBE7D18168}.Debug|Any CPU.Build.0 = Debug|Any CPU
		{661D7918-ECF8-4DC5-B0D8-BBEBE7D18168}.Release|Any CPU.ActiveCfg = Release|Any CPU
		{661D7918-ECF8-4DC5-B0D8-BBEBE7D18168}.Release|Any CPU.Build.0 = Release|Any CPU
		{2FF9BBC6-6A25-4277-8E8A-FF00A7B37C81}.Debug|Any CPU.ActiveCfg = Debug|Any CPU
		{2FF9BBC6-6A25-4277-8E8A-FF00A7B37C81}.Debug|Any CPU.Build.0 = Debug|Any CPU
		{2FF9BBC6-6A25-4277-8E8A-FF00A7B37C81}.Release|Any CPU.ActiveCfg = Release|Any CPU
		{2FF9BBC6-6A25-4277-8E8A-FF00A7B37C81}.Release|Any CPU.Build.0 = Release|Any CPU
		{33E5431A-D5EF-414C-B467-87BA824F0987}.Debug|Any CPU.ActiveCfg = Debug|Any CPU
		{33E5431A-D5EF-414C-B467-87BA824F0987}.Debug|Any CPU.Build.0 = Debug|Any CPU
		{33E5431A-D5EF-414C-B467-87BA824F0987}.Release|Any CPU.ActiveCfg = Release|Any CPU
		{33E5431A-D5EF-414C-B467-87BA824F0987}.Release|Any CPU.Build.0 = Release|Any CPU
		{B8BB79E4-8C2C-4197-AF97-1C1FB6C99006}.Debug|Any CPU.ActiveCfg = Debug|Any CPU
		{B8BB79E4-8C2C-4197-AF97-1C1FB6C99006}.Debug|Any CPU.Build.0 = Debug|Any CPU
		{B8BB79E4-8C2C-4197-AF97-1C1FB6C99006}.Release|Any CPU.ActiveCfg = Release|Any CPU
		{B8BB79E4-8C2C-4197-AF97-1C1FB6C99006}.Release|Any CPU.Build.0 = Release|Any CPU
		{BA847D8C-C66D-4293-8E93-96974EB2DB6D}.Debug|Any CPU.ActiveCfg = Debug|Any CPU
		{BA847D8C-C66D-4293-8E93-96974EB2DB6D}.Debug|Any CPU.Build.0 = Debug|Any CPU
		{BA847D8C-C66D-4293-8E93-96974EB2DB6D}.Release|Any CPU.ActiveCfg = Release|Any CPU
		{BA847D8C-C66D-4293-8E93-96974EB2DB6D}.Release|Any CPU.Build.0 = Release|Any CPU
		{940C9223-967F-4A8A-B7AD-BDCD9C8C4D40}.Debug|Any CPU.ActiveCfg = Debug|Any CPU
		{940C9223-967F-4A8A-B7AD-BDCD9C8C4D40}.Debug|Any CPU.Build.0 = Debug|Any CPU
		{940C9223-967F-4A8A-B7AD-BDCD9C8C4D40}.Release|Any CPU.ActiveCfg = Release|Any CPU
		{940C9223-967F-4A8A-B7AD-BDCD9C8C4D40}.Release|Any CPU.Build.0 = Release|Any CPU
		{D9F78451-4D83-4493-8FA3-300A4A4D082D}.Debug|Any CPU.ActiveCfg = Debug|Any CPU
		{D9F78451-4D83-4493-8FA3-300A4A4D082D}.Debug|Any CPU.Build.0 = Debug|Any CPU
		{D9F78451-4D83-4493-8FA3-300A4A4D082D}.Release|Any CPU.ActiveCfg = Release|Any CPU
		{D9F78451-4D83-4493-8FA3-300A4A4D082D}.Release|Any CPU.Build.0 = Release|Any CPU
	EndGlobalSection
	GlobalSection(SolutionProperties) = preSolution
		HideSolutionNode = FALSE
	EndGlobalSection
	GlobalSection(NestedProjects) = preSolution
		{C1C3177A-A34C-44FB-A6DF-AA520D9EE69B} = {F442C8DB-0907-4570-8F14-19CA04CE84E2}
		{661D7918-ECF8-4DC5-B0D8-BBEBE7D18168} = {F442C8DB-0907-4570-8F14-19CA04CE84E2}
		{2FF9BBC6-6A25-4277-8E8A-FF00A7B37C81} = {5999555C-001C-40DC-A2DE-3E6D522DEEC0}
		{33E5431A-D5EF-414C-B467-87BA824F0987} = {5999555C-001C-40DC-A2DE-3E6D522DEEC0}
		{B8BB79E4-8C2C-4197-AF97-1C1FB6C99006} = {5F544680-F1C6-4DFE-9E8D-709347261461}
		{BA847D8C-C66D-4293-8E93-96974EB2DB6D} = {F442C8DB-0907-4570-8F14-19CA04CE84E2}
		{940C9223-967F-4A8A-B7AD-BDCD9C8C4D40} = {78E97214-4E1A-4086-9585-5B2C57FE8B2B}
		{D9F78451-4D83-4493-8FA3-300A4A4D082D} = {E9CE4309-4F98-4E19-B537-9A2AFEAD0A4A}
	EndGlobalSection
	GlobalSection(ExtensibilityGlobals) = postSolution
		SolutionGuid = {FBDCED95-2FB8-4563-A50F-01287698A8B6}
	EndGlobalSection
EndGlobal
